<?xml version="1.0" encoding="utf-8"?>
<Project ToolsVersion="4.0" xmlns="http://schemas.microsoft.com/developer/msbuild/2003">
  <ItemGroup>
    <FxCompile Include="demo\box_demo\box_demo_PS.hlsl" />
    <FxCompile Include="demo\box_demo\box_demo_VS.hlsl" />
    <FxCompile Include="demo\lights_demo\lights_demo_PS.hlsl" />
    <FxCompile Include="demo\lights_demo\lights_demo_VS.hlsl" />
    <FxCompile Include="demo\textures_demo\textures_demo_PS.hlsl" />
    <FxCompile Include="demo\textures_demo\textures_demo_VS.hlsl" />
  </ItemGroup>
  <ItemGroup>
    <ClCompile Include="application\directx_app.cpp" />
    <ClCompile Include="application\windows_app.cpp" />
    <ClCompile Include="camera\spherical_camera.cpp" />
    <ClCompile Include="common\assert.cpp" />
    <ClCompile Include="demo\box_demo\box_demo_app.cpp" />
    <ClCompile Include="demo\lights_demo\lights_demo_app.cpp" />
    <ClCompile Include="demo\textures_demo\textures_demo_app.cpp" />
    <ClCompile Include="external_libs\directxtk\DDSTextureLoader.cpp" />
    <ClCompile Include="external_libs\directxtk\WICTextureLoader.cpp" />
    <ClCompile Include="external_libs\tiny_obj_loader\tiny_obj_loader.cc" />
    <ClCompile Include="file\binary_file.cpp" />
    <ClCompile Include="file\file_utils.cpp" />
    <ClCompile Include="input\keyboard.cpp" />
    <ClCompile Include="input\mouse.cpp" />
    <ClCompile Include="math\math_utils.cpp" />
    <ClCompile Include="mesh\mesh_format.cpp" />
    <ClCompile Include="mesh\mesh_generator.cpp" />
    <ClCompile Include="render\directx_backend.cpp" />
    <ClCompile Include="service\locator.cpp" />
    <ClCompile Include="time\timer.cpp" />
    <ClCompile Include="main.cpp" />
    <ClCompile Include="stdafx.cpp" />
    <ClCompile Include="time\time_point.cpp" />
    <ClCompile Include="time\time_span.cpp" />
  </ItemGroup>
  <ItemGroup>
    <ClInclude Include="application\directx_app.h" />
    <ClInclude Include="application\directx_settings.h" />
    <ClInclude Include="application\windows_app.h" />
    <ClInclude Include="camera\spherical_camera.h" />
    <ClInclude Include="common\assert.h" />
    <ClInclude Include="common\common_macros.h" />
    <ClInclude Include="common\int_types.h" />
    <ClInclude Include="demo\box_demo\box_demo_app.h" />
    <ClInclude Include="demo\lights_demo\lights_demo_app.h" />
    <ClInclude Include="demo\textures_demo\textures_demo_app.h" />
    <ClInclude Include="external_libs\directxtk\dds.h" />
    <ClInclude Include="external_libs\directxtk\DDSTextureLoader.h" />
    <ClInclude Include="external_libs\directxtk\DirectXHelpers.h" />
    <ClInclude Include="external_libs\directxtk\LoaderHelpers.h" />
    <ClInclude Include="external_libs\directxtk\pch.h" />
    <ClInclude Include="external_libs\directxtk\PlatformHelpers.h" />
    <ClInclude Include="external_libs\directxtk\WICTextureLoader.h" />
    <ClInclude Include="external_libs\tiny_obj_loader\tiny_obj_loader.h" />
    <ClInclude Include="file\binary_file.h" />
    <ClInclude Include="file\file_utils.h" />
    <ClInclude Include="input\keyboard.h" />
    <ClInclude Include="input\mouse.h" />
    <ClInclude Include="math\math_utils.h" />
    <ClInclude Include="mesh\mesh_format.h" />
    <ClInclude Include="mesh\mesh_generator.h" />
    <ClInclude Include="render\directx_backend.h" />
    <ClInclude Include="render\render_macros.h" />
    <ClInclude Include="service\locator.h" />
    <ClInclude Include="time\timer.h" />
    <ClInclude Include="application\window_settings.h" />
    <ClInclude Include="application\resources\Resource.h" />
    <ClInclude Include="stdafx.h" />
    <ClInclude Include="targetver.h" />
    <ClInclude Include="time\time_point.h" />
    <ClInclude Include="time\time_span.h" />
  </ItemGroup>
  <ItemGroup>
    <ResourceCompile Include="application\resources\directx11-test.rc" />
  </ItemGroup>
  <ItemGroup>
    <Image Include="application\resources\directx11-test.ico" />
    <Image Include="application\resources\small.ico" />
  </ItemGroup>
  <ItemGroup>
    <None Include="math\math_utils.inl" />
  </ItemGroup>
</Project>